
Microsoft Visual Studio Solution File, Format Version 12.00
# Visual Studio 15
VisualStudioVersion = 15.0.26228.9
MinimumVisualStudioVersion = 10.0.40219.1
Project("{9A19103F-16F7-4668-BE54-9A1E7A4F7556}") = "Angular2Core", "Angular2Core.csproj", "{4F152DBF-EB9D-4B13-97C6-3941460D45FD}"
EndProject
Global
	GlobalSection(SolutionConfigurationPlatforms) = preSolution
		Debug|Any CPU = Debug|Any CPU
		Release|Any CPU = Release|Any CPU
	EndGlobalSection
	GlobalSection(ProjectConfigurationPlatforms) = postSolution
		{4F152DBF-EB9D-4B13-97C6-3941460D45FD}.Debug|Any CPU.ActiveCfg = Debug|Any CPU
		{4F152DBF-EB9D-4B13-97C6-3941460D45FD}.Debug|Any CPU.Build.0 = Debug|Any CPU
		{4F152DBF-EB9D-4B13-97C6-3941460D45FD}.Release|Any CPU.ActiveCfg = Release|Any CPU
		{4F152DBF-EB9D-4B13-97C6-3941460D45FD}.Release|Any CPU.Build.0 = Release|Any CPU
	EndGlobalSection
	GlobalSection(SolutionProperties) = preSolution
		HideSolutionNode = FALSE
	EndGlobalSection
EndGlobal
